
Microsoft Visual Studio Solution File, Format Version 12.00
# Visual Studio Version 17
VisualStudioVersion = 17.9.34622.214
MinimumVisualStudioVersion = 10.0.40219.1
Project("{FAE04EC0-301F-11D3-BF4B-00C04F79EFBC}") = "ConsoleApp9", "ConsoleApp9\ConsoleApp9.csproj", "{E67A6AE8-3D6F-4F09-B745-EB92A58C8B79}"
EndProject
Project("{FAE04EC0-301F-11D3-BF4B-00C04F79EFBC}") = "ConsoleApp1", "ConsoleApp1\ConsoleApp1.csproj", "{2D74FD11-BBD5-485C-A068-2BDFF12165D8}"
EndProject
Global
	GlobalSection(SolutionConfigurationPlatforms) = preSolution
		Debug|Any CPU = Debug|Any CPU
		Release|Any CPU = Release|Any CPU
	EndGlobalSection
	GlobalSection(ProjectConfigurationPlatforms) = postSolution
		{E67A6AE8-3D6F-4F09-B745-EB92A58C8B79}.Debug|Any CPU.ActiveCfg = Debug|Any CPU
		{E67A6AE8-3D6F-4F09-B745-EB92A58C8B79}.Debug|Any CPU.Build.0 = Debug|Any CPU
		{E67A6AE8-3D6F-4F09-B745-EB92A58C8B79}.Release|Any CPU.ActiveCfg = Release|Any CPU
		{E67A6AE8-3D6F-4F09-B745-EB92A58C8B79}.Release|Any CPU.Build.0 = Release|Any CPU
		{2D74FD11-BBD5-485C-A068-2BDFF12165D8}.Debug|Any CPU.ActiveCfg = Debug|Any CPU
		{2D74FD11-BBD5-485C-A068-2BDFF12165D8}.Debug|Any CPU.Build.0 = Debug|Any CPU
		{2D74FD11-BBD5-485C-A068-2BDFF12165D8}.Release|Any CPU.ActiveCfg = Release|Any CPU
		{2D74FD11-BBD5-485C-A068-2BDFF12165D8}.Release|Any CPU.Build.0 = Release|Any CPU
	EndGlobalSection
	GlobalSection(SolutionProperties) = preSolution
		HideSolutionNode = FALSE
	EndGlobalSection
	GlobalSection(ExtensibilityGlobals) = postSolution
		SolutionGuid = {C442B2BC-04F9-4643-B138-751E92EBBD10}
	EndGlobalSection
EndGlobal
